{
  "requires": true,
  "lockfileVersion": 1,
  "dependencies": {
    "@types/base-64": {
      "version": "0.1.3",
      "resolved": "https://registry.npmjs.org/@types/base-64/-/base-64-0.1.3.tgz",
      "integrity": "sha512-DJpw7RKNMXygZ0j2xe6ROBqiJUy7JWEItkzOPBzrT35HUWS7VLYyW9XJX8yCCvE2xg8QD7wesvVyXFg8AVHTMA==",
      "dev": true
    },
    "@types/node": {
      "version": "14.0.11",
      "resolved": "https://registry.npmjs.org/@types/node/-/node-14.0.11.tgz",
      "integrity": "sha512-lCvvI24L21ZVeIiyIUHZ5Oflv1hhHQ5E1S25IRlKIXaRkVgmXpJMI3wUJkmym2bTbCe+WoIibQnMVAU3FguaOg==",
      "dev": true
    },
    "@types/pdfkit": {
      "version": "0.10.5",
      "resolved": "https://registry.npmjs.org/@types/pdfkit/-/pdfkit-0.10.5.tgz",
      "integrity": "sha512-VBv1XDVge3mfeY6MsiyFLm9bPCDTWhxR0+yV3GeiSyjGY3CkbSQHOOdYfKVr834B2grALC763PAM6TreTM5vJA==",
      "dev": true,
      "requires": {
        "@types/node": "*"
      }
    },
    "@types/pdfmake": {
      "version": "0.1.13",
      "resolved": "https://registry.npmjs.org/@types/pdfmake/-/pdfmake-0.1.13.tgz",
      "integrity": "sha512-mcTGJTNZoXDHtnouJqI7OJrnypenwccEeZ4hG8Qwa4m/Fw+NSrGh8mbR/6bvexfLo6g2YR4fs9TO+PZSbPx/KQ==",
      "dev": true,
      "requires": {
        "@types/node": "*",
        "@types/pdfkit": "*"
      }
    },
    "@types/utf8": {
      "version": "2.1.6",
      "resolved": "https://registry.npmjs.org/@types/utf8/-/utf8-2.1.6.tgz",
      "integrity": "sha512-pRs2gYF5yoKYrgSaira0DJqVg2tFuF+Qjp838xS7K+mJyY2jJzjsrl6y17GbIa4uMRogMbxs+ghNCvKg6XyNrA==",
      "dev": true
    }
  }
}
