{
  "requires": true,
  "lockfileVersion": 1,
  "dependencies": {
    "@types/base-64": {
      "version": "0.1.3",
      "resolved": "https://registry.npmjs.org/@types/base-64/-/base-64-0.1.3.tgz",
      "integrity": "sha512-DJpw7RKNMXygZ0j2xe6ROBqiJUy7JWEItkzOPBzrT35HUWS7VLYyW9XJX8yCCvE2xg8QD7wesvVyXFg8AVHTMA==",
      "dev": true
    },
    "@types/utf8": {
      "version": "2.1.6",
      "resolved": "https://registry.npmjs.org/@types/utf8/-/utf8-2.1.6.tgz",
      "integrity": "sha512-pRs2gYF5yoKYrgSaira0DJqVg2tFuF+Qjp838xS7K+mJyY2jJzjsrl6y17GbIa4uMRogMbxs+ghNCvKg6XyNrA==",
      "dev": true
    }
  }
}
